
Microsoft Visual Studio Solution File, Format Version 12.00
# Visual Studio 15
VisualStudioVersion = 15.0.28307.489
MinimumVisualStudioVersion = 10.0.40219.1
Project("{FAE04EC0-301F-11D3-BF4B-00C04F79EFBC}") = "ContosoUniversity", "ContosoUniversity\ContosoUniversity.csproj", "{55F28439-8ABC-4D6D-A2BA-5914491B04BF}"
EndProject
Global
	GlobalSection(SolutionConfigurationPlatforms) = preSolution
		Debug|Any CPU = Debug|Any CPU
		Release|Any CPU = Release|Any CPU
	EndGlobalSection
	GlobalSection(ProjectConfigurationPlatforms) = postSolution
		{55F28439-8ABC-4D6D-A2BA-5914491B04BF}.Debug|Any CPU.ActiveCfg = Debug|Any CPU
		{55F28439-8ABC-4D6D-A2BA-5914491B04BF}.Debug|Any CPU.Build.0 = Debug|Any CPU
		{55F28439-8ABC-4D6D-A2BA-5914491B04BF}.Release|Any CPU.ActiveCfg = Release|Any CPU
		{55F28439-8ABC-4D6D-A2BA-5914491B04BF}.Release|Any CPU.Build.0 = Release|Any CPU
	EndGlobalSection
	GlobalSection(SolutionProperties) = preSolution
		HideSolutionNode = FALSE
	EndGlobalSection
	GlobalSection(ExtensibilityGlobals) = postSolution
		SolutionGuid = {7173A306-1152-4509-A013-F6AA45AB093D}
	EndGlobalSection
EndGlobal
